// !$*UTF8*$!
{
	archiveVersion = 1;
	classes = {
	};
	objectVersion = 50;
	objects = {

/* Begin PBXBuildFile section */
		8854EE2D26E5448D00A54696 /* gameOver.wav in Resources */ = {isa = PBXBuildFile; fileRef = 8854EE2C26E5448D00A54696 /* gameOver.wav */; };
		8854EE2F26E54CD300A54696 /* Mud.sks in Resources */ = {isa = PBXBuildFile; fileRef = 8854EE2E26E54CD300A54696 /* Mud.sks */; };
		88F4039326E2A6F700248BD7 /* AppDelegate.swift in Sources */ = {isa = PBXBuildFile; fileRef = 88F4039226E2A6F700248BD7 /* AppDelegate.swift */; };
		88F4039526E2A6F700248BD7 /* GameScene.sks in Resources */ = {isa = PBXBuildFile; fileRef = 88F4039426E2A6F700248BD7 /* GameScene.sks */; };
		88F4039926E2A6F700248BD7 /* GameScene.swift in Sources */ = {isa = PBXBuildFile; fileRef = 88F4039826E2A6F700248BD7 /* GameScene.swift */; };
		88F4039B26E2A6F700248BD7 /* GameViewController.swift in Sources */ = {isa = PBXBuildFile; fileRef = 88F4039A26E2A6F700248BD7 /* GameViewController.swift */; };
		88F4039E26E2A6F700248BD7 /* Main.storyboard in Resources */ = {isa = PBXBuildFile; fileRef = 88F4039C26E2A6F700248BD7 /* Main.storyboard */; };
		88F403A026E2A6F900248BD7 /* Assets.xcassets in Resources */ = {isa = PBXBuildFile; fileRef = 88F4039F26E2A6F900248BD7 /* Assets.xcassets */; };
		88F403A926E2A7C900248BD7 /* whackBad.caf in Resources */ = {isa = PBXBuildFile; fileRef = 88F403A726E2A7C900248BD7 /* whackBad.caf */; };
		88F403AA26E2A7C900248BD7 /* whack.caf in Resources */ = {isa = PBXBuildFile; fileRef = 88F403A826E2A7C900248BD7 /* whack.caf */; };
		88F403AC26E2A9A600248BD7 /* WhackSlot.swift in Sources */ = {isa = PBXBuildFile; fileRef = 88F403AB26E2A9A600248BD7 /* WhackSlot.swift */; };
/* End PBXBuildFile section */

/* Begin PBXFileReference section */
		8854EE2C26E5448D00A54696 /* gameOver.wav */ = {isa = PBXFileReference; lastKnownFileType = audio.wav; name = gameOver.wav; path = "../../../HackingWithSwift-main/Classic/project14-files/Content/gameOver.wav"; sourceTree = "<group>"; };
		8854EE2E26E54CD300A54696 /* Mud.sks */ = {isa = PBXFileReference; lastKnownFileType = file.sks; path = Mud.sks; sourceTree = "<group>"; };
		88F4038F26E2A6F700248BD7 /* Project14.app */ = {isa = PBXFileReference; explicitFileType = wrapper.application; includeInIndex = 0; path = Project14.app; sourceTree = BUILT_PRODUCTS_DIR; };
		88F4039226E2A6F700248BD7 /* AppDelegate.swift */ = {isa = PBXFileReference; lastKnownFileType = sourcecode.swift; path = AppDelegate.swift; sourceTree = "<group>"; };
		88F4039426E2A6F700248BD7 /* GameScene.sks */ = {isa = PBXFileReference; lastKnownFileType = file.sks; path = GameScene.sks; sourceTree = "<group>"; };
		88F4039826E2A6F700248BD7 /* GameScene.swift */ = {isa = PBXFileReference; lastKnownFileType = sourcecode.swift; path = GameScene.swift; sourceTree = "<group>"; };
		88F4039A26E2A6F700248BD7 /* GameViewController.swift */ = {isa = PBXFileReference; lastKnownFileType = sourcecode.swift; path = GameViewController.swift; sourceTree = "<group>"; };
		88F4039D26E2A6F700248BD7 /* Base */ = {isa = PBXFileReference; lastKnownFileType = file.storyboard; name = Base; path = Base.lproj/Main.storyboard; sourceTree = "<group>"; };
		88F4039F26E2A6F900248BD7 /* Assets.xcassets */ = {isa = PBXFileReference; lastKnownFileType = folder.assetcatalog; path = Assets.xcassets; sourceTree = "<group>"; };
		88F403A126E2A6F900248BD7 /* Info.plist */ = {isa = PBXFileReference; lastKnownFileType = text.plist.xml; path = Info.plist; sourceTree = "<group>"; };
		88F403A726E2A7C900248BD7 /* whackBad.caf */ = {isa = PBXFileReference; lastKnownFileType = file; name = whackBad.caf; path = "../../../HackingWithSwift-main/Classic/project14-files/Content/whackBad.caf"; sourceTree = "<group>"; };
		88F403A826E2A7C900248BD7 /* whack.caf */ = {isa = PBXFileReference; lastKnownFileType = file; name = whack.caf; path = "../../../HackingWithSwift-main/Classic/project14-files/Content/whack.caf"; sourceTree = "<group>"; };
		88F403AB26E2A9A600248BD7 /* WhackSlot.swift */ = {isa = PBXFileReference; lastKnownFileType = sourcecode.swift; path = WhackSlot.swift; sourceTree = "<group>"; };
/* End PBXFileReference section */

/* Begin PBXFrameworksBuildPhase section */
		88F4038C26E2A6F700248BD7 /* Frameworks */ = {
			isa = PBXFrameworksBuildPhase;
			buildActionMask = 2147483647;
			files = (
			);
			runOnlyForDeploymentPostprocessing = 0;
		};
/* End PBXFrameworksBuildPhase section */

/* Begin PBXGroup section */
		88F4038626E2A6F700248BD7 = {
			isa = PBXGroup;
			children = (
				88F4039126E2A6F700248BD7 /* Project14 */,
				88F4039026E2A6F700248BD7 /* Products */,
			);
			sourceTree = "<group>";
		};
		88F4039026E2A6F700248BD7 /* Products */ = {
			isa = PBXGroup;
			children = (
				88F4038F26E2A6F700248BD7 /* Project14.app */,
			);
			name = Products;
			sourceTree = "<group>";
		};
		88F4039126E2A6F700248BD7 /* Project14 */ = {
			isa = PBXGroup;
			children = (
				88F4039226E2A6F700248BD7 /* AppDelegate.swift */,
				88F4039426E2A6F700248BD7 /* GameScene.sks */,
				88F4039826E2A6F700248BD7 /* GameScene.swift */,
				8854EE2E26E54CD300A54696 /* Mud.sks */,
				88F403AB26E2A9A600248BD7 /* WhackSlot.swift */,
				88F4039A26E2A6F700248BD7 /* GameViewController.swift */,
				88F4039C26E2A6F700248BD7 /* Main.storyboard */,
				88F4039F26E2A6F900248BD7 /* Assets.xcassets */,
				88F403A126E2A6F900248BD7 /* Info.plist */,
				88F403A826E2A7C900248BD7 /* whack.caf */,
				8854EE2C26E5448D00A54696 /* gameOver.wav */,
				88F403A726E2A7C900248BD7 /* whackBad.caf */,
			);
			path = Project14;
			sourceTree = "<group>";
		};
/* End PBXGroup section */

/* Begin PBXNativeTarget section */
		88F4038E26E2A6F700248BD7 /* Project14 */ = {
			isa = PBXNativeTarget;
			buildConfigurationList = 88F403A426E2A6F900248BD7 /* Build configuration list for PBXNativeTarget "Project14" */;
			buildPhases = (
				88F4038B26E2A6F700248BD7 /* Sources */,
				88F4038C26E2A6F700248BD7 /* Frameworks */,
				88F4038D26E2A6F700248BD7 /* Resources */,
			);
			buildRules = (
			);
			dependencies = (
			);
			name = Project14;
			productName = Project14;
			productReference = 88F4038F26E2A6F700248BD7 /* Project14.app */;
			productType = "com.apple.product-type.application";
		};
/* End PBXNativeTarget section */

/* Begin PBXProject section */
		88F4038726E2A6F700248BD7 /* Project object */ = {
			isa = PBXProject;
			attributes = {
				LastSwiftUpdateCheck = 1250;
				LastUpgradeCheck = 1250;
				TargetAttributes = {
					88F4038E26E2A6F700248BD7 = {
						CreatedOnToolsVersion = 12.5.1;
					};
				};
			};
			buildConfigurationList = 88F4038A26E2A6F700248BD7 /* Build configuration list for PBXProject "Project14" */;
			compatibilityVersion = "Xcode 9.3";
			developmentRegion = en;
			hasScannedForEncodings = 0;
			knownRegions = (
				en,
				Base,
			);
			mainGroup = 88F4038626E2A6F700248BD7;
			productRefGroup = 88F4039026E2A6F700248BD7 /* Products */;
			projectDirPath = "";
			projectRoot = "";
			targets = (
				88F4038E26E2A6F700248BD7 /* Project14 */,
			);
		};
/* End PBXProject section */

/* Begin PBXResourcesBuildPhase section */
		88F4038D26E2A6F700248BD7 /* Resources */ = {
			isa = PBXResourcesBuildPhase;
			buildActionMask = 2147483647;
			files = (
				8854EE2D26E5448D00A54696 /* gameOver.wav in Resources */,
				8854EE2F26E54CD300A54696 /* Mud.sks in Resources */,
				88F4039E26E2A6F700248BD7 /* Main.storyboard in Resources */,
				88F403AA26E2A7C900248BD7 /* whack.caf in Resources */,
				88F403A926E2A7C900248BD7 /* whackBad.caf in Resources */,
				88F4039526E2A6F700248BD7 /* GameScene.sks in Resources */,
				88F403A026E2A6F900248BD7 /* Assets.xcassets in Resources */,
			);
			runOnlyForDeploymentPostprocessing = 0;
		};
/* End PBXResourcesBuildPhase section */

/* Begin PBXSourcesBuildPhase section */
		88F4038B26E2A6F700248BD7 /* Sources */ = {
			isa = PBXSourcesBuildPhase;
			buildActionMask = 2147483647;
			files = (
				88F4039926E2A6F700248BD7 /* GameScene.swift in Sources */,
				88F4039B26E2A6F700248BD7 /* GameViewController.swift in Sources */,
				88F403AC26E2A9A600248BD7 /* WhackSlot.swift in Sources */,
				88F4039326E2A6F700248BD7 /* AppDelegate.swift in Sources */,
			);
			runOnlyForDeploymentPostprocessing = 0;
		};
/* End PBXSourcesBuildPhase section */

/* Begin PBXVariantGroup section */
		88F4039C26E2A6F700248BD7 /* Main.storyboard */ = {
			isa = PBXVariantGroup;
			children = (
				88F4039D26E2A6F700248BD7 /* Base */,
			);
			name = Main.storyboard;
			sourceTree = "<group>";
		};
/* End PBXVariantGroup section */

/* Begin XCBuildConfiguration section */
		88F403A226E2A6F900248BD7 /* Debug */ = {
			isa = XCBuildConfiguration;
			buildSettings = {
				ALWAYS_SEARCH_USER_PATHS = NO;
				CLANG_ANALYZER_NONNULL = YES;
				CLANG_ANALYZER_NUMBER_OBJECT_CONVERSION = YES_AGGRESSIVE;
				CLANG_CXX_LANGUAGE_STANDARD = "gnu++14";
				CLANG_CXX_LIBRARY = "libc++";
				CLANG_ENABLE_MODULES = YES;
				CLANG_ENABLE_OBJC_ARC = YES;
				CLANG_ENABLE_OBJC_WEAK = YES;
				CLANG_WARN_BLOCK_CAPTURE_AUTORELEASING = YES;
				CLANG_WARN_BOOL_CONVERSION = YES;
				CLANG_WARN_COMMA = YES;
				CLANG_WARN_CONSTANT_CONVERSION = YES;
				CLANG_WARN_DEPRECATED_OBJC_IMPLEMENTATIONS = YES;
				CLANG_WARN_DIRECT_OBJC_ISA_USAGE = YES_ERROR;
				CLANG_WARN_DOCUMENTATION_COMMENTS = YES;
				CLANG_WARN_EMPTY_BODY = YES;
				CLANG_WARN_ENUM_CONVERSION = YES;
				CLANG_WARN_INFINITE_RECURSION = YES;
				CLANG_WARN_INT_CONVERSION = YES;
				CLANG_WARN_NON_LITERAL_NULL_CONVERSION = YES;
				CLANG_WARN_OBJC_IMPLICIT_RETAIN_SELF = YES;
				CLANG_WARN_OBJC_LITERAL_CONVERSION = YES;
				CLANG_WARN_OBJC_ROOT_CLASS = YES_ERROR;
				CLANG_WARN_QUOTED_INCLUDE_IN_FRAMEWORK_HEADER = YES;
				CLANG_WARN_RANGE_LOOP_ANALYSIS = YES;
				CLANG_WARN_STRICT_PROTOTYPES = YES;
				CLANG_WARN_SUSPICIOUS_MOVE = YES;
				CLANG_WARN_UNGUARDED_AVAILABILITY = YES_AGGRESSIVE;
				CLANG_WARN_UNREACHABLE_CODE = YES;
				CLANG_WARN__DUPLICATE_METHOD_MATCH = YES;
				COPY_PHASE_STRIP = NO;
				DEBUG_INFORMATION_FORMAT = dwarf;
				ENABLE_STRICT_OBJC_MSGSEND = YES;
				ENABLE_TESTABILITY = YES;
				GCC_C_LANGUAGE_STANDARD = gnu11;
				GCC_DYNAMIC_NO_PIC = NO;
				GCC_NO_COMMON_BLOCKS = YES;
				GCC_OPTIMIZATION_LEVEL = 0;
				GCC_PREPROCESSOR_DEFINITIONS = (
					"DEBUG=1",
					"$(inherited)",
				);
				GCC_WARN_64_TO_32_BIT_CONVERSION = YES;
				GCC_WARN_ABOUT_RETURN_TYPE = YES_ERROR;
				GCC_WARN_UNDECLARED_SELECTOR = YES;
				GCC_WARN_UNINITIALIZED_AUTOS = YES_AGGRESSIVE;
				GCC_WARN_UNUSED_FUNCTION = YES;
				GCC_WARN_UNUSED_VARIABLE = YES;
				IPHONEOS_DEPLOYMENT_TARGET = 14.5;
				MTL_ENABLE_DEBUG_INFO = INCLUDE_SOURCE;
				MTL_FAST_MATH = YES;
				ONLY_ACTIVE_ARCH = YES;
				SDKROOT = iphoneos;
				SWIFT_ACTIVE_COMPILATION_CONDITIONS = DEBUG;
				SWIFT_OPTIMIZATION_LEVEL = "-Onone";
			};
			name = Debug;
		};
		88F403A326E2A6F900248BD7 /* Release */ = {
			isa = XCBuildConfiguration;
			buildSettings = {
				ALWAYS_SEARCH_USER_PATHS = NO;
				CLANG_ANALYZER_NONNULL = YES;
				CLANG_ANALYZER_NUMBER_OBJECT_CONVERSION = YES_AGGRESSIVE;
				CLANG_CXX_LANGUAGE_STANDARD = "gnu++14";
				CLANG_CXX_LIBRARY = "libc++";
				CLANG_ENABLE_MODULES = YES;
				CLANG_ENABLE_OBJC_ARC = YES;
				CLANG_ENABLE_OBJC_WEAK = YES;
				CLANG_WARN_BLOCK_CAPTURE_AUTORELEASING = YES;
				CLANG_WARN_BOOL_CONVERSION = YES;
				CLANG_WARN_COMMA = YES;
				CLANG_WARN_CONSTANT_CONVERSION = YES;
				CLANG_WARN_DEPRECATED_OBJC_IMPLEMENTATIONS = YES;
				CLANG_WARN_DIRECT_OBJC_ISA_USAGE = YES_ERROR;
				CLANG_WARN_DOCUMENTATION_COMMENTS = YES;
				CLANG_WARN_EMPTY_BODY = YES;
				CLANG_WARN_ENUM_CONVERSION = YES;
				CLANG_WARN_INFINITE_RECURSION = YES;
				CLANG_WARN_INT_CONVERSION = YES;
				CLANG_WARN_NON_LITERAL_NULL_CONVERSION = YES;
				CLANG_WARN_OBJC_IMPLICIT_RETAIN_SELF = YES;
				CLANG_WARN_OBJC_LITERAL_CONVERSION = YES;
				CLANG_WARN_OBJC_ROOT_CLASS = YES_ERROR;
				CLANG_WARN_QUOTED_INCLUDE_IN_FRAMEWORK_HEADER = YES;
				CLANG_WARN_RANGE_LOOP_ANALYSIS = YES;
				CLANG_WARN_STRICT_PROTOTYPES = YES;
				CLANG_WARN_SUSPICIOUS_MOVE = YES;
				CLANG_WARN_UNGUARDED_AVAILABILITY = YES_AGGRESSIVE;
				CLANG_WARN_UNREACHABLE_CODE = YES;
				CLANG_WARN__DUPLICATE_METHOD_MATCH = YES;
				COPY_PHASE_STRIP = NO;
				DEBUG_INFORMATION_FORMAT = "dwarf-with-dsym";
				ENABLE_NS_ASSERTIONS = NO;
				ENABLE_STRICT_OBJC_MSGSEND = YES;
				GCC_C_LANGUAGE_STANDARD = gnu11;
				GCC_NO_COMMON_BLOCKS = YES;
				GCC_WARN_64_TO_32_BIT_CONVERSION = YES;
				GCC_WARN_ABOUT_RETURN_TYPE = YES_ERROR;
				GCC_WARN_UNDECLARED_SELECTOR = YES;
				GCC_WARN_UNINITIALIZED_AUTOS = YES_AGGRESSIVE;
				GCC_WARN_UNUSED_FUNCTION = YES;
				GCC_WARN_UNUSED_VARIABLE = YES;
				IPHONEOS_DEPLOYMENT_TARGET = 14.5;
				MTL_ENABLE_DEBUG_INFO = NO;
				MTL_FAST_MATH = YES;
				SDKROOT = iphoneos;
				SWIFT_COMPILATION_MODE = wholemodule;
				SWIFT_OPTIMIZATION_LEVEL = "-O";
				VALIDATE_PRODUCT = YES;
			};
			name = Release;
		};
		88F403A526E2A6F900248BD7 /* Debug */ = {
			isa = XCBuildConfiguration;
			buildSettings = {
				ASSETCATALOG_COMPILER_APPICON_NAME = AppIcon;
				ASSETCATALOG_COMPILER_GLOBAL_ACCENT_COLOR_NAME = AccentColor;
				CODE_SIGN_STYLE = Automatic;
				DEVELOPMENT_TEAM = Y47R3Z42B2;
				INFOPLIST_FILE = Project14/Info.plist;
				LD_RUNPATH_SEARCH_PATHS = (
					"$(inherited)",
					"@executable_path/Frameworks",
				);
				PRODUCT_BUNDLE_IDENTIFIER = "Alejandro-Gleason.Project14";
				PRODUCT_NAME = "$(TARGET_NAME)";
				SWIFT_VERSION = 5.0;
				TARGETED_DEVICE_FAMILY = 2;
			};
			name = Debug;
		};
		88F403A626E2A6F900248BD7 /* Release */ = {
			isa = XCBuildConfiguration;
			buildSettings = {
				ASSETCATALOG_COMPILER_APPICON_NAME = AppIcon;
				ASSETCATALOG_COMPILER_GLOBAL_ACCENT_COLOR_NAME = AccentColor;
				CODE_SIGN_STYLE = Automatic;
				DEVELOPMENT_TEAM = Y47R3Z42B2;
				INFOPLIST_FILE = Project14/Info.plist;
				LD_RUNPATH_SEARCH_PATHS = (
					"$(inherited)",
					"@executable_path/Frameworks",
				);
				PRODUCT_BUNDLE_IDENTIFIER = "Alejandro-Gleason.Project14";
				PRODUCT_NAME = "$(TARGET_NAME)";
				SWIFT_VERSION = 5.0;
				TARGETED_DEVICE_FAMILY = 2;
			};
			name = Release;
		};
/* End XCBuildConfiguration section */

/* Begin XCConfigurationList section */
		88F4038A26E2A6F700248BD7 /* Build configuration list for PBXProject "Project14" */ = {
			isa = XCConfigurationList;
			buildConfigurations = (
				88F403A226E2A6F900248BD7 /* Debug */,
				88F403A326E2A6F900248BD7 /* Release */,
			);
			defaultConfigurationIsVisible = 0;
			defaultConfigurationName = Release;
		};
		88F403A426E2A6F900248BD7 /* Build configuration list for PBXNativeTarget "Project14" */ = {
			isa = XCConfigurationList;
			buildConfigurations = (
				88F403A526E2A6F900248BD7 /* Debug */,
				88F403A626E2A6F900248BD7 /* Release */,
			);
			defaultConfigurationIsVisible = 0;
			defaultConfigurationName = Release;
		};
/* End XCConfigurationList section */
	};
	rootObject = 88F4038726E2A6F700248BD7 /* Project object */;
}
